
Microsoft Visual Studio Solution File, Format Version 12.00
# Visual Studio 14
VisualStudioVersion = 14.0.25420.1
MinimumVisualStudioVersion = 10.0.40219.1
Project("{FAE04EC0-301F-11D3-BF4B-00C04F79EFBC}") = "Utilities", "Utilities\Utilities.csproj", "{830BA4E3-A9C3-4FEB-AEC7-ED475954C807}"
EndProject
Project("{FAE04EC0-301F-11D3-BF4B-00C04F79EFBC}") = "Extensions", "Extensions\Extensions.csproj", "{D312BEDD-DADE-46A2-B619-787390EF4121}"
EndProject
Project("{FAE04EC0-301F-11D3-BF4B-00C04F79EFBC}") = "Extensions.Tests", "Extensions.Tests\Extensions.Tests.csproj", "{CC7F40EE-F6E5-47E0-9F22-92827CCCB8FA}"
EndProject
Project("{FAE04EC0-301F-11D3-BF4B-00C04F79EFBC}") = "ROOT.CIMV2.Win32", "ROOT.CIMV2.Win32\ROOT.CIMV2.Win32\ROOT.CIMV2.Win32.csproj", "{00C85FCB-6D6B-4629-B5D3-5FC6A30A9F6D}"
EndProject
Project("{FAE04EC0-301F-11D3-BF4B-00C04F79EFBC}") = "ROOT.CIMV2.Win32.Tests", "ROOT.CIMV2.Win32\ROOT.CIMV2.Win32.Tests\ROOT.CIMV2.Win32.Tests.csproj", "{D7473784-D604-48FE-890B-2042AA6CB1F4}"
EndProject
Global
	GlobalSection(SolutionConfigurationPlatforms) = preSolution
		Debug|Any CPU = Debug|Any CPU
		Release|Any CPU = Release|Any CPU
	EndGlobalSection
	GlobalSection(ProjectConfigurationPlatforms) = postSolution
		{830BA4E3-A9C3-4FEB-AEC7-ED475954C807}.Debug|Any CPU.ActiveCfg = Debug|Any CPU
		{830BA4E3-A9C3-4FEB-AEC7-ED475954C807}.Debug|Any CPU.Build.0 = Debug|Any CPU
		{830BA4E3-A9C3-4FEB-AEC7-ED475954C807}.Release|Any CPU.ActiveCfg = Release|Any CPU
		{830BA4E3-A9C3-4FEB-AEC7-ED475954C807}.Release|Any CPU.Build.0 = Release|Any CPU
		{D312BEDD-DADE-46A2-B619-787390EF4121}.Debug|Any CPU.ActiveCfg = Debug|Any CPU
		{D312BEDD-DADE-46A2-B619-787390EF4121}.Debug|Any CPU.Build.0 = Debug|Any CPU
		{D312BEDD-DADE-46A2-B619-787390EF4121}.Release|Any CPU.ActiveCfg = Release|Any CPU
		{D312BEDD-DADE-46A2-B619-787390EF4121}.Release|Any CPU.Build.0 = Release|Any CPU
		{CC7F40EE-F6E5-47E0-9F22-92827CCCB8FA}.Debug|Any CPU.ActiveCfg = Debug|Any CPU
		{CC7F40EE-F6E5-47E0-9F22-92827CCCB8FA}.Debug|Any CPU.Build.0 = Debug|Any CPU
		{CC7F40EE-F6E5-47E0-9F22-92827CCCB8FA}.Release|Any CPU.ActiveCfg = Release|Any CPU
		{CC7F40EE-F6E5-47E0-9F22-92827CCCB8FA}.Release|Any CPU.Build.0 = Release|Any CPU
		{00C85FCB-6D6B-4629-B5D3-5FC6A30A9F6D}.Debug|Any CPU.ActiveCfg = Debug|Any CPU
		{00C85FCB-6D6B-4629-B5D3-5FC6A30A9F6D}.Debug|Any CPU.Build.0 = Debug|Any CPU
		{00C85FCB-6D6B-4629-B5D3-5FC6A30A9F6D}.Release|Any CPU.ActiveCfg = Release|Any CPU
		{00C85FCB-6D6B-4629-B5D3-5FC6A30A9F6D}.Release|Any CPU.Build.0 = Release|Any CPU
		{D7473784-D604-48FE-890B-2042AA6CB1F4}.Debug|Any CPU.ActiveCfg = Debug|Any CPU
		{D7473784-D604-48FE-890B-2042AA6CB1F4}.Debug|Any CPU.Build.0 = Debug|Any CPU
		{D7473784-D604-48FE-890B-2042AA6CB1F4}.Release|Any CPU.ActiveCfg = Release|Any CPU
		{D7473784-D604-48FE-890B-2042AA6CB1F4}.Release|Any CPU.Build.0 = Release|Any CPU
	EndGlobalSection
	GlobalSection(SolutionProperties) = preSolution
		HideSolutionNode = FALSE
	EndGlobalSection
EndGlobal
